
Microsoft Visual Studio Solution File, Format Version 12.00
# Visual Studio Version 17
VisualStudioVersion = 17.9.34607.119
MinimumVisualStudioVersion = 10.0.40219.1
Project("{FAE04EC0-301F-11D3-BF4B-00C04F79EFBC}") = "ConsoleApp3", "ConsoleApp3\ConsoleApp3.csproj", "{13387BE5-9D7A-4AA4-9503-3D1C2B0C86EC}"
EndProject
Global
	GlobalSection(SolutionConfigurationPlatforms) = preSolution
		Debug|Any CPU = Debug|Any CPU
		Release|Any CPU = Release|Any CPU
	EndGlobalSection
	GlobalSection(ProjectConfigurationPlatforms) = postSolution
		{13387BE5-9D7A-4AA4-9503-3D1C2B0C86EC}.Debug|Any CPU.ActiveCfg = Debug|Any CPU
		{13387BE5-9D7A-4AA4-9503-3D1C2B0C86EC}.Debug|Any CPU.Build.0 = Debug|Any CPU
		{13387BE5-9D7A-4AA4-9503-3D1C2B0C86EC}.Release|Any CPU.ActiveCfg = Release|Any CPU
		{13387BE5-9D7A-4AA4-9503-3D1C2B0C86EC}.Release|Any CPU.Build.0 = Release|Any CPU
	EndGlobalSection
	GlobalSection(SolutionProperties) = preSolution
		HideSolutionNode = FALSE
	EndGlobalSection
	GlobalSection(ExtensibilityGlobals) = postSolution
		SolutionGuid = {C5F8B911-F521-4A69-836D-D708F52EE367}
	EndGlobalSection
EndGlobal
